
Microsoft Visual Studio Solution File, Format Version 12.00
# Visual Studio Version 17
VisualStudioVersion = 17.9.34607.119
MinimumVisualStudioVersion = 10.0.40219.1
Project("{9A19103F-16F7-4668-BE54-9A1E7A4F7556}") = "EAppointment.Domain", "EAppointment.Domain\EAppointment.Domain.csproj", "{92DCD437-D451-4000-AD38-FAD066796CF3}"
EndProject
Project("{9A19103F-16F7-4668-BE54-9A1E7A4F7556}") = "EAppointment.Application", "EAppointment.Application\EAppointment.Application.csproj", "{A3197930-C322-4AE2-A642-956648639EE3}"
EndProject
Project("{FAE04EC0-301F-11D3-BF4B-00C04F79EFBC}") = "EAppointment.Infrastructure", "EAppointment.Infrastructure\EAppointment.Infrastructure.csproj", "{215750EB-70AA-4C82-9DED-9F88D16B0E8A}"
EndProject
Project("{FAE04EC0-301F-11D3-BF4B-00C04F79EFBC}") = "EAppointment.WebApi", "EAppointment.WebApi\EAppointment.WebApi.csproj", "{EE9A13DB-0821-4377-B2B0-AACBE468C570}"
EndProject
Global
	GlobalSection(SolutionConfigurationPlatforms) = preSolution
		Debug|Any CPU = Debug|Any CPU
		Release|Any CPU = Release|Any CPU
	EndGlobalSection
	GlobalSection(ProjectConfigurationPlatforms) = postSolution
		{92DCD437-D451-4000-AD38-FAD066796CF3}.Debug|Any CPU.ActiveCfg = Debug|Any CPU
		{92DCD437-D451-4000-AD38-FAD066796CF3}.Debug|Any CPU.Build.0 = Debug|Any CPU
		{92DCD437-D451-4000-AD38-FAD066796CF3}.Release|Any CPU.ActiveCfg = Release|Any CPU
		{92DCD437-D451-4000-AD38-FAD066796CF3}.Release|Any CPU.Build.0 = Release|Any CPU
		{A3197930-C322-4AE2-A642-956648639EE3}.Debug|Any CPU.ActiveCfg = Debug|Any CPU
		{A3197930-C322-4AE2-A642-956648639EE3}.Debug|Any CPU.Build.0 = Debug|Any CPU
		{A3197930-C322-4AE2-A642-956648639EE3}.Release|Any CPU.ActiveCfg = Release|Any CPU
		{A3197930-C322-4AE2-A642-956648639EE3}.Release|Any CPU.Build.0 = Release|Any CPU
		{215750EB-70AA-4C82-9DED-9F88D16B0E8A}.Debug|Any CPU.ActiveCfg = Debug|Any CPU
		{215750EB-70AA-4C82-9DED-9F88D16B0E8A}.Debug|Any CPU.Build.0 = Debug|Any CPU
		{215750EB-70AA-4C82-9DED-9F88D16B0E8A}.Release|Any CPU.ActiveCfg = Release|Any CPU
		{215750EB-70AA-4C82-9DED-9F88D16B0E8A}.Release|Any CPU.Build.0 = Release|Any CPU
		{EE9A13DB-0821-4377-B2B0-AACBE468C570}.Debug|Any CPU.ActiveCfg = Debug|Any CPU
		{EE9A13DB-0821-4377-B2B0-AACBE468C570}.Debug|Any CPU.Build.0 = Debug|Any CPU
		{EE9A13DB-0821-4377-B2B0-AACBE468C570}.Release|Any CPU.ActiveCfg = Release|Any CPU
		{EE9A13DB-0821-4377-B2B0-AACBE468C570}.Release|Any CPU.Build.0 = Release|Any CPU
	EndGlobalSection
	GlobalSection(SolutionProperties) = preSolution
		HideSolutionNode = FALSE
	EndGlobalSection
	GlobalSection(ExtensibilityGlobals) = postSolution
		SolutionGuid = {D7AF6532-89D2-4B20-AE43-4B6A9995DE46}
	EndGlobalSection
EndGlobal
